
Microsoft Visual Studio Solution File, Format Version 12.00
# Visual Studio 15
VisualStudioVersion = 15.0.27428.2005
MinimumVisualStudioVersion = 10.0.40219.1
Project("{FAE04EC0-301F-11D3-BF4B-00C04F79EFBC}") = "WebApplication2", "WebApplication2\WebApplication2.csproj", "{49115914-D4EF-48B9-A014-3F125CE2EC3F}"
EndProject
Project("{FAE04EC0-301F-11D3-BF4B-00C04F79EFBC}") = "WebApplication2.Tests", "WebApplication2.Tests\WebApplication2.Tests.csproj", "{4A3560F1-DA84-473A-8028-60EC65443CB2}"
EndProject
Global
	GlobalSection(SolutionConfigurationPlatforms) = preSolution
		Debug|Any CPU = Debug|Any CPU
		Release|Any CPU = Release|Any CPU
	EndGlobalSection
	GlobalSection(ProjectConfigurationPlatforms) = postSolution
		{49115914-D4EF-48B9-A014-3F125CE2EC3F}.Debug|Any CPU.ActiveCfg = Debug|Any CPU
		{49115914-D4EF-48B9-A014-3F125CE2EC3F}.Debug|Any CPU.Build.0 = Debug|Any CPU
		{49115914-D4EF-48B9-A014-3F125CE2EC3F}.Release|Any CPU.ActiveCfg = Release|Any CPU
		{49115914-D4EF-48B9-A014-3F125CE2EC3F}.Release|Any CPU.Build.0 = Release|Any CPU
		{4A3560F1-DA84-473A-8028-60EC65443CB2}.Debug|Any CPU.ActiveCfg = Debug|Any CPU
		{4A3560F1-DA84-473A-8028-60EC65443CB2}.Debug|Any CPU.Build.0 = Debug|Any CPU
		{4A3560F1-DA84-473A-8028-60EC65443CB2}.Release|Any CPU.ActiveCfg = Release|Any CPU
		{4A3560F1-DA84-473A-8028-60EC65443CB2}.Release|Any CPU.Build.0 = Release|Any CPU
	EndGlobalSection
	GlobalSection(SolutionProperties) = preSolution
		HideSolutionNode = FALSE
	EndGlobalSection
	GlobalSection(ExtensibilityGlobals) = postSolution
		SolutionGuid = {A4504CB1-2D97-4621-B8CD-31826B53C0E4}
	EndGlobalSection
EndGlobal
